
Microsoft Visual Studio Solution File, Format Version 12.00
# Visual Studio Version 17
VisualStudioVersion = 17.7.33808.371
MinimumVisualStudioVersion = 10.0.40219.1
Project("{FAE04EC0-301F-11D3-BF4B-00C04F79EFBC}") = "WebApplication6", "WebApplication6\WebApplication6.csproj", "{4B951C3B-A1BA-48CE-B256-D835FD0244FB}"
EndProject
Global
	GlobalSection(SolutionConfigurationPlatforms) = preSolution
		Debug|Any CPU = Debug|Any CPU
		Release|Any CPU = Release|Any CPU
	EndGlobalSection
	GlobalSection(ProjectConfigurationPlatforms) = postSolution
		{4B951C3B-A1BA-48CE-B256-D835FD0244FB}.Debug|Any CPU.ActiveCfg = Debug|Any CPU
		{4B951C3B-A1BA-48CE-B256-D835FD0244FB}.Debug|Any CPU.Build.0 = Debug|Any CPU
		{4B951C3B-A1BA-48CE-B256-D835FD0244FB}.Release|Any CPU.ActiveCfg = Release|Any CPU
		{4B951C3B-A1BA-48CE-B256-D835FD0244FB}.Release|Any CPU.Build.0 = Release|Any CPU
	EndGlobalSection
	GlobalSection(SolutionProperties) = preSolution
		HideSolutionNode = FALSE
	EndGlobalSection
	GlobalSection(ExtensibilityGlobals) = postSolution
		SolutionGuid = {4D272119-A3AF-4CB7-9988-FCA7BAE680EB}
	EndGlobalSection
EndGlobal
